
Microsoft Visual Studio Solution File, Format Version 12.00
# Visual Studio Version 17
VisualStudioVersion = 17.5.33516.290
MinimumVisualStudioVersion = 10.0.40219.1
Project("{FAE04EC0-301F-11D3-BF4B-00C04F79EFBC}") = "wf01_SimplewinApp", "wf01_SimplewinApp\wf01_SimplewinApp.csproj", "{90D08BB9-71EF-4426-A7F2-408A93450351}"
EndProject
Project("{FAE04EC0-301F-11D3-BF4B-00C04F79EFBC}") = "wf02_realwinapp", "wf02_realwinapp\wf02_realwinapp.csproj", "{0B423832-BCD5-466C-B3BD-11DCFC2A9E39}"
EndProject
Project("{FAE04EC0-301F-11D3-BF4B-00C04F79EFBC}") = "wf03_property", "wf03_property\wf03_property.csproj", "{73422176-462B-41B4-916C-ED78FB7D098F}"
EndProject
Global
	GlobalSection(SolutionConfigurationPlatforms) = preSolution
		Debug|Any CPU = Debug|Any CPU
		Release|Any CPU = Release|Any CPU
	EndGlobalSection
	GlobalSection(ProjectConfigurationPlatforms) = postSolution
		{90D08BB9-71EF-4426-A7F2-408A93450351}.Debug|Any CPU.ActiveCfg = Debug|Any CPU
		{90D08BB9-71EF-4426-A7F2-408A93450351}.Debug|Any CPU.Build.0 = Debug|Any CPU
		{90D08BB9-71EF-4426-A7F2-408A93450351}.Release|Any CPU.ActiveCfg = Release|Any CPU
		{90D08BB9-71EF-4426-A7F2-408A93450351}.Release|Any CPU.Build.0 = Release|Any CPU
		{0B423832-BCD5-466C-B3BD-11DCFC2A9E39}.Debug|Any CPU.ActiveCfg = Debug|Any CPU
		{0B423832-BCD5-466C-B3BD-11DCFC2A9E39}.Debug|Any CPU.Build.0 = Debug|Any CPU
		{0B423832-BCD5-466C-B3BD-11DCFC2A9E39}.Release|Any CPU.ActiveCfg = Release|Any CPU
		{0B423832-BCD5-466C-B3BD-11DCFC2A9E39}.Release|Any CPU.Build.0 = Release|Any CPU
		{73422176-462B-41B4-916C-ED78FB7D098F}.Debug|Any CPU.ActiveCfg = Debug|Any CPU
		{73422176-462B-41B4-916C-ED78FB7D098F}.Debug|Any CPU.Build.0 = Debug|Any CPU
		{73422176-462B-41B4-916C-ED78FB7D098F}.Release|Any CPU.ActiveCfg = Release|Any CPU
		{73422176-462B-41B4-916C-ED78FB7D098F}.Release|Any CPU.Build.0 = Release|Any CPU
	EndGlobalSection
	GlobalSection(SolutionProperties) = preSolution
		HideSolutionNode = FALSE
	EndGlobalSection
	GlobalSection(ExtensibilityGlobals) = postSolution
		SolutionGuid = {0E202466-E421-4732-AF97-CA9087B67DB7}
	EndGlobalSection
EndGlobal
