
Microsoft Visual Studio Solution File, Format Version 12.00
# Visual Studio Version 17
VisualStudioVersion = 17.5.33516.290
MinimumVisualStudioVersion = 10.0.40219.1
Project("{FAE04EC0-301F-11D3-BF4B-00C04F79EFBC}") = "wf14_winforms_Thread", "wf14_winforms_Thread\wf14_winforms_Thread.csproj", "{DB6F8B75-76AF-4D24-AC21-5B95D6D0BA93}"
EndProject
Project("{FAE04EC0-301F-11D3-BF4B-00C04F79EFBC}") = "wf13_bookrentalshop", "wf13_bookrentalshop\wf13_bookrentalshop.csproj", "{97DF4833-ED11-47DE-9969-C481A5BDCA45}"
EndProject
Global
	GlobalSection(SolutionConfigurationPlatforms) = preSolution
		Debug|Any CPU = Debug|Any CPU
		Release|Any CPU = Release|Any CPU
	EndGlobalSection
	GlobalSection(ProjectConfigurationPlatforms) = postSolution
		{DB6F8B75-76AF-4D24-AC21-5B95D6D0BA93}.Debug|Any CPU.ActiveCfg = Debug|Any CPU
		{DB6F8B75-76AF-4D24-AC21-5B95D6D0BA93}.Debug|Any CPU.Build.0 = Debug|Any CPU
		{DB6F8B75-76AF-4D24-AC21-5B95D6D0BA93}.Release|Any CPU.ActiveCfg = Release|Any CPU
		{DB6F8B75-76AF-4D24-AC21-5B95D6D0BA93}.Release|Any CPU.Build.0 = Release|Any CPU
		{97DF4833-ED11-47DE-9969-C481A5BDCA45}.Debug|Any CPU.ActiveCfg = Debug|Any CPU
		{97DF4833-ED11-47DE-9969-C481A5BDCA45}.Debug|Any CPU.Build.0 = Debug|Any CPU
		{97DF4833-ED11-47DE-9969-C481A5BDCA45}.Release|Any CPU.ActiveCfg = Release|Any CPU
		{97DF4833-ED11-47DE-9969-C481A5BDCA45}.Release|Any CPU.Build.0 = Release|Any CPU
	EndGlobalSection
	GlobalSection(SolutionProperties) = preSolution
		HideSolutionNode = FALSE
	EndGlobalSection
	GlobalSection(ExtensibilityGlobals) = postSolution
		SolutionGuid = {5B433BC2-CDDB-4CA9-9B48-1BB5578DF3FD}
	EndGlobalSection
EndGlobal
