
Microsoft Visual Studio Solution File, Format Version 12.00
# Visual Studio Version 17
VisualStudioVersion = 17.5.33516.290
MinimumVisualStudioVersion = 10.0.40219.1
Project("{FAE04EC0-301F-11D3-BF4B-00C04F79EFBC}") = "ConsoleApp1", "ConsoleApp1.csproj", "{F1C1B343-32CE-4FB0-9F54-E880E9A45337}"
EndProject
Global
	GlobalSection(SolutionConfigurationPlatforms) = preSolution
		Debug|Any CPU = Debug|Any CPU
		Release|Any CPU = Release|Any CPU
	EndGlobalSection
	GlobalSection(ProjectConfigurationPlatforms) = postSolution
		{F1C1B343-32CE-4FB0-9F54-E880E9A45337}.Debug|Any CPU.ActiveCfg = Debug|Any CPU
		{F1C1B343-32CE-4FB0-9F54-E880E9A45337}.Debug|Any CPU.Build.0 = Debug|Any CPU
		{F1C1B343-32CE-4FB0-9F54-E880E9A45337}.Release|Any CPU.ActiveCfg = Release|Any CPU
		{F1C1B343-32CE-4FB0-9F54-E880E9A45337}.Release|Any CPU.Build.0 = Release|Any CPU
	EndGlobalSection
	GlobalSection(SolutionProperties) = preSolution
		HideSolutionNode = FALSE
	EndGlobalSection
	GlobalSection(ExtensibilityGlobals) = postSolution
		SolutionGuid = {6987D2BD-660C-4FB1-BD08-C054AD782863}
	EndGlobalSection
EndGlobal
